
Microsoft Visual Studio Solution File, Format Version 12.00
# Visual Studio Version 16
VisualStudioVersion = 16.0.28803.352
MinimumVisualStudioVersion = 10.0.40219.1
Project("{9A19103F-16F7-4668-BE54-9A1E7A4F7556}") = "Reverse_Strings", "Reverse_Strings\Reverse_Strings.csproj", "{0F8B3FCC-87FD-4DEB-A1A6-84B91DE703C4}"
EndProject
Project("{9A19103F-16F7-4668-BE54-9A1E7A4F7556}") = "Simple_Calculator", "Simple_Calculator\Simple_Calculator.csproj", "{5FDD6B16-1A1A-4FEB-AB1C-3F0501098397}"
EndProject
Project("{9A19103F-16F7-4668-BE54-9A1E7A4F7556}") = "Stack_Sum", "Stack_Sum\Stack_Sum.csproj", "{FFA3FDB2-0532-4841-9830-FFB4B2772904}"
EndProject
Project("{FAE04EC0-301F-11D3-BF4B-00C04F79EFBC}") = "Matching_Brackets", "Matching_Brackets\Matching_Brackets.csproj", "{6E400BF7-7D23-4307-A75F-46C59275E3DD}"
EndProject
Project("{FAE04EC0-301F-11D3-BF4B-00C04F79EFBC}") = "Supermarket", "Supermarket\Supermarket.csproj", "{214D96E8-AB7D-4E40-8567-256B02E5F91C}"
EndProject
Project("{FAE04EC0-301F-11D3-BF4B-00C04F79EFBC}") = "Hot_Potato", "Hot_Potato\Hot_Potato.csproj", "{36B93C89-81A3-4290-B265-D57DF42293DD}"
EndProject
Project("{FAE04EC0-301F-11D3-BF4B-00C04F79EFBC}") = "Traffic_Jam", "Traffic_Jam\Traffic_Jam.csproj", "{2EED45EA-783E-4AC6-A433-915D567C3781}"
EndProject
Global
	GlobalSection(SolutionConfigurationPlatforms) = preSolution
		Debug|Any CPU = Debug|Any CPU
		Release|Any CPU = Release|Any CPU
	EndGlobalSection
	GlobalSection(ProjectConfigurationPlatforms) = postSolution
		{0F8B3FCC-87FD-4DEB-A1A6-84B91DE703C4}.Debug|Any CPU.ActiveCfg = Debug|Any CPU
		{0F8B3FCC-87FD-4DEB-A1A6-84B91DE703C4}.Debug|Any CPU.Build.0 = Debug|Any CPU
		{0F8B3FCC-87FD-4DEB-A1A6-84B91DE703C4}.Release|Any CPU.ActiveCfg = Release|Any CPU
		{0F8B3FCC-87FD-4DEB-A1A6-84B91DE703C4}.Release|Any CPU.Build.0 = Release|Any CPU
		{5FDD6B16-1A1A-4FEB-AB1C-3F0501098397}.Debug|Any CPU.ActiveCfg = Debug|Any CPU
		{5FDD6B16-1A1A-4FEB-AB1C-3F0501098397}.Debug|Any CPU.Build.0 = Debug|Any CPU
		{5FDD6B16-1A1A-4FEB-AB1C-3F0501098397}.Release|Any CPU.ActiveCfg = Release|Any CPU
		{5FDD6B16-1A1A-4FEB-AB1C-3F0501098397}.Release|Any CPU.Build.0 = Release|Any CPU
		{FFA3FDB2-0532-4841-9830-FFB4B2772904}.Debug|Any CPU.ActiveCfg = Debug|Any CPU
		{FFA3FDB2-0532-4841-9830-FFB4B2772904}.Debug|Any CPU.Build.0 = Debug|Any CPU
		{FFA3FDB2-0532-4841-9830-FFB4B2772904}.Release|Any CPU.ActiveCfg = Release|Any CPU
		{FFA3FDB2-0532-4841-9830-FFB4B2772904}.Release|Any CPU.Build.0 = Release|Any CPU
		{6E400BF7-7D23-4307-A75F-46C59275E3DD}.Debug|Any CPU.ActiveCfg = Debug|Any CPU
		{6E400BF7-7D23-4307-A75F-46C59275E3DD}.Debug|Any CPU.Build.0 = Debug|Any CPU
		{6E400BF7-7D23-4307-A75F-46C59275E3DD}.Release|Any CPU.ActiveCfg = Release|Any CPU
		{6E400BF7-7D23-4307-A75F-46C59275E3DD}.Release|Any CPU.Build.0 = Release|Any CPU
		{214D96E8-AB7D-4E40-8567-256B02E5F91C}.Debug|Any CPU.ActiveCfg = Debug|Any CPU
		{214D96E8-AB7D-4E40-8567-256B02E5F91C}.Debug|Any CPU.Build.0 = Debug|Any CPU
		{214D96E8-AB7D-4E40-8567-256B02E5F91C}.Release|Any CPU.ActiveCfg = Release|Any CPU
		{214D96E8-AB7D-4E40-8567-256B02E5F91C}.Release|Any CPU.Build.0 = Release|Any CPU
		{36B93C89-81A3-4290-B265-D57DF42293DD}.Debug|Any CPU.ActiveCfg = Debug|Any CPU
		{36B93C89-81A3-4290-B265-D57DF42293DD}.Debug|Any CPU.Build.0 = Debug|Any CPU
		{36B93C89-81A3-4290-B265-D57DF42293DD}.Release|Any CPU.ActiveCfg = Release|Any CPU
		{36B93C89-81A3-4290-B265-D57DF42293DD}.Release|Any CPU.Build.0 = Release|Any CPU
		{2EED45EA-783E-4AC6-A433-915D567C3781}.Debug|Any CPU.ActiveCfg = Debug|Any CPU
		{2EED45EA-783E-4AC6-A433-915D567C3781}.Debug|Any CPU.Build.0 = Debug|Any CPU
		{2EED45EA-783E-4AC6-A433-915D567C3781}.Release|Any CPU.ActiveCfg = Release|Any CPU
		{2EED45EA-783E-4AC6-A433-915D567C3781}.Release|Any CPU.Build.0 = Release|Any CPU
	EndGlobalSection
	GlobalSection(SolutionProperties) = preSolution
		HideSolutionNode = FALSE
	EndGlobalSection
	GlobalSection(ExtensibilityGlobals) = postSolution
		SolutionGuid = {CFAF7E99-9CC1-477C-B8E0-DE58DCB949B9}
	EndGlobalSection
EndGlobal
