
Microsoft Visual Studio Solution File, Format Version 12.00
# Visual Studio Version 16
VisualStudioVersion = 16.0.29025.244
MinimumVisualStudioVersion = 10.0.40219.1
Project("{9A19103F-16F7-4668-BE54-9A1E7A4F7556}") = "Class_Box", "Class_Box\Class_Box.csproj", "{0F1276FA-2F63-49D9-B358-297C2AF7E715}"
EndProject
Project("{9A19103F-16F7-4668-BE54-9A1E7A4F7556}") = "AnimalFarm", "AnimalFarm\AnimalFarm\AnimalFarm.csproj", "{B4AEE327-DC65-49DA-875A-7911DBAA8C5F}"
EndProject
Project("{9A19103F-16F7-4668-BE54-9A1E7A4F7556}") = "ShopingSpree", "ShopingSpree\ShopingSpree.csproj", "{FE669A55-3292-4F98-9EFD-BE94D69D7D29}"
EndProject
Project("{9A19103F-16F7-4668-BE54-9A1E7A4F7556}") = "PizzaCalories", "PizzaCalories\PizzaCalories.csproj", "{11767A35-30A9-4636-A4B3-DAF613042166}"
EndProject
Project("{FAE04EC0-301F-11D3-BF4B-00C04F79EFBC}") = "FootballTeamGenerator", "FootballTeamGenerator\FootballTeamGenerator.csproj", "{29176E16-5F4B-4680-BC35-AEC7BCE3314E}"
EndProject
Global
	GlobalSection(SolutionConfigurationPlatforms) = preSolution
		Debug|Any CPU = Debug|Any CPU
		Release|Any CPU = Release|Any CPU
	EndGlobalSection
	GlobalSection(ProjectConfigurationPlatforms) = postSolution
		{0F1276FA-2F63-49D9-B358-297C2AF7E715}.Debug|Any CPU.ActiveCfg = Debug|Any CPU
		{0F1276FA-2F63-49D9-B358-297C2AF7E715}.Debug|Any CPU.Build.0 = Debug|Any CPU
		{0F1276FA-2F63-49D9-B358-297C2AF7E715}.Release|Any CPU.ActiveCfg = Release|Any CPU
		{0F1276FA-2F63-49D9-B358-297C2AF7E715}.Release|Any CPU.Build.0 = Release|Any CPU
		{B4AEE327-DC65-49DA-875A-7911DBAA8C5F}.Debug|Any CPU.ActiveCfg = Debug|Any CPU
		{B4AEE327-DC65-49DA-875A-7911DBAA8C5F}.Debug|Any CPU.Build.0 = Debug|Any CPU
		{B4AEE327-DC65-49DA-875A-7911DBAA8C5F}.Release|Any CPU.ActiveCfg = Release|Any CPU
		{B4AEE327-DC65-49DA-875A-7911DBAA8C5F}.Release|Any CPU.Build.0 = Release|Any CPU
		{FE669A55-3292-4F98-9EFD-BE94D69D7D29}.Debug|Any CPU.ActiveCfg = Debug|Any CPU
		{FE669A55-3292-4F98-9EFD-BE94D69D7D29}.Debug|Any CPU.Build.0 = Debug|Any CPU
		{FE669A55-3292-4F98-9EFD-BE94D69D7D29}.Release|Any CPU.ActiveCfg = Release|Any CPU
		{FE669A55-3292-4F98-9EFD-BE94D69D7D29}.Release|Any CPU.Build.0 = Release|Any CPU
		{11767A35-30A9-4636-A4B3-DAF613042166}.Debug|Any CPU.ActiveCfg = Debug|Any CPU
		{11767A35-30A9-4636-A4B3-DAF613042166}.Debug|Any CPU.Build.0 = Debug|Any CPU
		{11767A35-30A9-4636-A4B3-DAF613042166}.Release|Any CPU.ActiveCfg = Release|Any CPU
		{11767A35-30A9-4636-A4B3-DAF613042166}.Release|Any CPU.Build.0 = Release|Any CPU
		{29176E16-5F4B-4680-BC35-AEC7BCE3314E}.Debug|Any CPU.ActiveCfg = Debug|Any CPU
		{29176E16-5F4B-4680-BC35-AEC7BCE3314E}.Debug|Any CPU.Build.0 = Debug|Any CPU
		{29176E16-5F4B-4680-BC35-AEC7BCE3314E}.Release|Any CPU.ActiveCfg = Release|Any CPU
		{29176E16-5F4B-4680-BC35-AEC7BCE3314E}.Release|Any CPU.Build.0 = Release|Any CPU
	EndGlobalSection
	GlobalSection(SolutionProperties) = preSolution
		HideSolutionNode = FALSE
	EndGlobalSection
	GlobalSection(ExtensibilityGlobals) = postSolution
		SolutionGuid = {441C120E-26AF-4E9A-85D8-6875DDD5AD40}
	EndGlobalSection
EndGlobal
