
Microsoft Visual Studio Solution File, Format Version 12.00
# Visual Studio Version 16
VisualStudioVersion = 16.0.29009.5
MinimumVisualStudioVersion = 10.0.40219.1
Project("{FAE04EC0-301F-11D3-BF4B-00C04F79EFBC}") = "ListyIterator", "ListyIterator\ListyIterator.csproj", "{0CD680B5-D4BC-43C3-BDC6-EE2AF4A52D76}"
EndProject
Project("{FAE04EC0-301F-11D3-BF4B-00C04F79EFBC}") = "Froggy", "Froggy\Froggy.csproj", "{E1DE12BD-763E-4FFA-B3CB-712EE6D9DEFE}"
EndProject
Project("{FAE04EC0-301F-11D3-BF4B-00C04F79EFBC}") = "Stack", "Stack\Stack.csproj", "{6AEAFAC0-F075-4377-A102-1C82FD5EE4AF}"
EndProject
Project("{FAE04EC0-301F-11D3-BF4B-00C04F79EFBC}") = "ComparingObjects", "ComparingObjects\ComparingObjects.csproj", "{1A6DC02E-ED8A-4B13-A5F2-07C769166F40}"
EndProject
Project("{FAE04EC0-301F-11D3-BF4B-00C04F79EFBC}") = "EquqlityLogic", "EquqlityLogic\EquqlityLogic.csproj", "{845ADAE1-BB3A-4B16-A19F-B57CC4705D43}"
EndProject
Global
	GlobalSection(SolutionConfigurationPlatforms) = preSolution
		Debug|Any CPU = Debug|Any CPU
		Release|Any CPU = Release|Any CPU
	EndGlobalSection
	GlobalSection(ProjectConfigurationPlatforms) = postSolution
		{0CD680B5-D4BC-43C3-BDC6-EE2AF4A52D76}.Debug|Any CPU.ActiveCfg = Debug|Any CPU
		{0CD680B5-D4BC-43C3-BDC6-EE2AF4A52D76}.Debug|Any CPU.Build.0 = Debug|Any CPU
		{0CD680B5-D4BC-43C3-BDC6-EE2AF4A52D76}.Release|Any CPU.ActiveCfg = Release|Any CPU
		{0CD680B5-D4BC-43C3-BDC6-EE2AF4A52D76}.Release|Any CPU.Build.0 = Release|Any CPU
		{E1DE12BD-763E-4FFA-B3CB-712EE6D9DEFE}.Debug|Any CPU.ActiveCfg = Debug|Any CPU
		{E1DE12BD-763E-4FFA-B3CB-712EE6D9DEFE}.Debug|Any CPU.Build.0 = Debug|Any CPU
		{E1DE12BD-763E-4FFA-B3CB-712EE6D9DEFE}.Release|Any CPU.ActiveCfg = Release|Any CPU
		{E1DE12BD-763E-4FFA-B3CB-712EE6D9DEFE}.Release|Any CPU.Build.0 = Release|Any CPU
		{6AEAFAC0-F075-4377-A102-1C82FD5EE4AF}.Debug|Any CPU.ActiveCfg = Debug|Any CPU
		{6AEAFAC0-F075-4377-A102-1C82FD5EE4AF}.Debug|Any CPU.Build.0 = Debug|Any CPU
		{6AEAFAC0-F075-4377-A102-1C82FD5EE4AF}.Release|Any CPU.ActiveCfg = Release|Any CPU
		{6AEAFAC0-F075-4377-A102-1C82FD5EE4AF}.Release|Any CPU.Build.0 = Release|Any CPU
		{1A6DC02E-ED8A-4B13-A5F2-07C769166F40}.Debug|Any CPU.ActiveCfg = Debug|Any CPU
		{1A6DC02E-ED8A-4B13-A5F2-07C769166F40}.Debug|Any CPU.Build.0 = Debug|Any CPU
		{1A6DC02E-ED8A-4B13-A5F2-07C769166F40}.Release|Any CPU.ActiveCfg = Release|Any CPU
		{1A6DC02E-ED8A-4B13-A5F2-07C769166F40}.Release|Any CPU.Build.0 = Release|Any CPU
		{845ADAE1-BB3A-4B16-A19F-B57CC4705D43}.Debug|Any CPU.ActiveCfg = Debug|Any CPU
		{845ADAE1-BB3A-4B16-A19F-B57CC4705D43}.Debug|Any CPU.Build.0 = Debug|Any CPU
		{845ADAE1-BB3A-4B16-A19F-B57CC4705D43}.Release|Any CPU.ActiveCfg = Release|Any CPU
		{845ADAE1-BB3A-4B16-A19F-B57CC4705D43}.Release|Any CPU.Build.0 = Release|Any CPU
	EndGlobalSection
	GlobalSection(SolutionProperties) = preSolution
		HideSolutionNode = FALSE
	EndGlobalSection
	GlobalSection(ExtensibilityGlobals) = postSolution
		SolutionGuid = {A1D1203B-393D-490B-9F6F-CE2548DD26D6}
	EndGlobalSection
EndGlobal
