
Microsoft Visual Studio Solution File, Format Version 12.00
# Visual Studio Version 16
VisualStudioVersion = 16.0.28803.452
MinimumVisualStudioVersion = 10.0.40219.1
Project("{9A19103F-16F7-4668-BE54-9A1E7A4F7556}") = "01.Diagonal_Difference", "01.Diagonal_Difference\01.Diagonal_Difference.csproj", "{ABCEE4F1-A20D-48C7-BE8B-833A2E27BC99}"
EndProject
Project("{9A19103F-16F7-4668-BE54-9A1E7A4F7556}") = "02.2x2_Squares_In_Matrix", "02.2x2_Squares_In_Matrix\02.2x2_Squares_In_Matrix.csproj", "{DB53F241-CDF8-4F57-ADD3-98C556F59FB1}"
EndProject
Project("{9A19103F-16F7-4668-BE54-9A1E7A4F7556}") = "03.Maximal_Sum", "03.Maximal_Sum\03.Maximal_Sum.csproj", "{C9C50242-74AB-48E0-82B3-CA8A4EFFA828}"
EndProject
Project("{9A19103F-16F7-4668-BE54-9A1E7A4F7556}") = "04.Matrix_Shuffling", "04.Matrix_Shuffling\04.Matrix_Shuffling.csproj", "{CE510666-A10D-4481-AEE4-C8C265BE0D36}"
EndProject
Project("{9A19103F-16F7-4668-BE54-9A1E7A4F7556}") = "05.Snake_Moves", "05.Snake_Moves\05.Snake_Moves.csproj", "{AE62E76B-DF3F-42FC-9373-FDE603CC1DCC}"
EndProject
Project("{9A19103F-16F7-4668-BE54-9A1E7A4F7556}") = "06.Knight_Game", "06.Knight_Game\06.Knight_Game.csproj", "{5FC23D0B-A5B8-48A2-98D4-9665DF51C2C7}"
EndProject
Project("{9A19103F-16F7-4668-BE54-9A1E7A4F7556}") = "07.Bomb_The_Basement", "07.Bomb_The_Basement\07.Bomb_The_Basement.csproj", "{AA0AF0A4-38CB-4156-AE74-545ABD74CAE5}"
EndProject
Project("{9A19103F-16F7-4668-BE54-9A1E7A4F7556}") = "10.Radioactive_Mutant_Vampire_Bunnies", "10.Radioactive_Mutant_Vampire_Bunnies\10.Radioactive_Mutant_Vampire_Bunnies.csproj", "{4AC84E3B-6869-4321-B11B-E7874A764BC5}"
EndProject
Project("{FAE04EC0-301F-11D3-BF4B-00C04F79EFBC}") = "09.Miner", "09.Miner\09.Miner.csproj", "{80506FF3-383B-4ACC-BDA9-A7A6DB578196}"
EndProject
Global
	GlobalSection(SolutionConfigurationPlatforms) = preSolution
		Debug|Any CPU = Debug|Any CPU
		Release|Any CPU = Release|Any CPU
	EndGlobalSection
	GlobalSection(ProjectConfigurationPlatforms) = postSolution
		{ABCEE4F1-A20D-48C7-BE8B-833A2E27BC99}.Debug|Any CPU.ActiveCfg = Debug|Any CPU
		{ABCEE4F1-A20D-48C7-BE8B-833A2E27BC99}.Debug|Any CPU.Build.0 = Debug|Any CPU
		{ABCEE4F1-A20D-48C7-BE8B-833A2E27BC99}.Release|Any CPU.ActiveCfg = Release|Any CPU
		{ABCEE4F1-A20D-48C7-BE8B-833A2E27BC99}.Release|Any CPU.Build.0 = Release|Any CPU
		{DB53F241-CDF8-4F57-ADD3-98C556F59FB1}.Debug|Any CPU.ActiveCfg = Debug|Any CPU
		{DB53F241-CDF8-4F57-ADD3-98C556F59FB1}.Debug|Any CPU.Build.0 = Debug|Any CPU
		{DB53F241-CDF8-4F57-ADD3-98C556F59FB1}.Release|Any CPU.ActiveCfg = Release|Any CPU
		{DB53F241-CDF8-4F57-ADD3-98C556F59FB1}.Release|Any CPU.Build.0 = Release|Any CPU
		{C9C50242-74AB-48E0-82B3-CA8A4EFFA828}.Debug|Any CPU.ActiveCfg = Debug|Any CPU
		{C9C50242-74AB-48E0-82B3-CA8A4EFFA828}.Debug|Any CPU.Build.0 = Debug|Any CPU
		{C9C50242-74AB-48E0-82B3-CA8A4EFFA828}.Release|Any CPU.ActiveCfg = Release|Any CPU
		{C9C50242-74AB-48E0-82B3-CA8A4EFFA828}.Release|Any CPU.Build.0 = Release|Any CPU
		{CE510666-A10D-4481-AEE4-C8C265BE0D36}.Debug|Any CPU.ActiveCfg = Debug|Any CPU
		{CE510666-A10D-4481-AEE4-C8C265BE0D36}.Debug|Any CPU.Build.0 = Debug|Any CPU
		{CE510666-A10D-4481-AEE4-C8C265BE0D36}.Release|Any CPU.ActiveCfg = Release|Any CPU
		{CE510666-A10D-4481-AEE4-C8C265BE0D36}.Release|Any CPU.Build.0 = Release|Any CPU
		{AE62E76B-DF3F-42FC-9373-FDE603CC1DCC}.Debug|Any CPU.ActiveCfg = Debug|Any CPU
		{AE62E76B-DF3F-42FC-9373-FDE603CC1DCC}.Debug|Any CPU.Build.0 = Debug|Any CPU
		{AE62E76B-DF3F-42FC-9373-FDE603CC1DCC}.Release|Any CPU.ActiveCfg = Release|Any CPU
		{AE62E76B-DF3F-42FC-9373-FDE603CC1DCC}.Release|Any CPU.Build.0 = Release|Any CPU
		{5FC23D0B-A5B8-48A2-98D4-9665DF51C2C7}.Debug|Any CPU.ActiveCfg = Debug|Any CPU
		{5FC23D0B-A5B8-48A2-98D4-9665DF51C2C7}.Debug|Any CPU.Build.0 = Debug|Any CPU
		{5FC23D0B-A5B8-48A2-98D4-9665DF51C2C7}.Release|Any CPU.ActiveCfg = Release|Any CPU
		{5FC23D0B-A5B8-48A2-98D4-9665DF51C2C7}.Release|Any CPU.Build.0 = Release|Any CPU
		{AA0AF0A4-38CB-4156-AE74-545ABD74CAE5}.Debug|Any CPU.ActiveCfg = Debug|Any CPU
		{AA0AF0A4-38CB-4156-AE74-545ABD74CAE5}.Debug|Any CPU.Build.0 = Debug|Any CPU
		{AA0AF0A4-38CB-4156-AE74-545ABD74CAE5}.Release|Any CPU.ActiveCfg = Release|Any CPU
		{AA0AF0A4-38CB-4156-AE74-545ABD74CAE5}.Release|Any CPU.Build.0 = Release|Any CPU
		{4AC84E3B-6869-4321-B11B-E7874A764BC5}.Debug|Any CPU.ActiveCfg = Debug|Any CPU
		{4AC84E3B-6869-4321-B11B-E7874A764BC5}.Debug|Any CPU.Build.0 = Debug|Any CPU
		{4AC84E3B-6869-4321-B11B-E7874A764BC5}.Release|Any CPU.ActiveCfg = Release|Any CPU
		{4AC84E3B-6869-4321-B11B-E7874A764BC5}.Release|Any CPU.Build.0 = Release|Any CPU
		{80506FF3-383B-4ACC-BDA9-A7A6DB578196}.Debug|Any CPU.ActiveCfg = Debug|Any CPU
		{80506FF3-383B-4ACC-BDA9-A7A6DB578196}.Debug|Any CPU.Build.0 = Debug|Any CPU
		{80506FF3-383B-4ACC-BDA9-A7A6DB578196}.Release|Any CPU.ActiveCfg = Release|Any CPU
		{80506FF3-383B-4ACC-BDA9-A7A6DB578196}.Release|Any CPU.Build.0 = Release|Any CPU
	EndGlobalSection
	GlobalSection(SolutionProperties) = preSolution
		HideSolutionNode = FALSE
	EndGlobalSection
	GlobalSection(ExtensibilityGlobals) = postSolution
		SolutionGuid = {934FDF99-ED7D-401D-8ABD-AFC3425DE857}
	EndGlobalSection
EndGlobal
