
Microsoft Visual Studio Solution File, Format Version 12.00
# Visual Studio Version 16
VisualStudioVersion = 16.0.29009.5
MinimumVisualStudioVersion = 10.0.40219.1
Project("{9A19103F-16F7-4668-BE54-9A1E7A4F7556}") = "Club_Party", "Club_Party\Club_Party.csproj", "{62D9B88B-5E00-4207-89C0-6CFFA2AAAC23}"
EndProject
Project("{9A19103F-16F7-4668-BE54-9A1E7A4F7556}") = "Tron_Racers", "Tron_Racers\Tron_Racers.csproj", "{2EF06A4B-5EFE-4A60-8A7B-2F99EB798705}"
EndProject
Project("{FAE04EC0-301F-11D3-BF4B-00C04F79EFBC}") = "Heroes", "Heroes\Heroes.csproj", "{A1010C43-2E91-420F-988A-E74D76FB01B6}"
EndProject
Global
	GlobalSection(SolutionConfigurationPlatforms) = preSolution
		Debug|Any CPU = Debug|Any CPU
		Release|Any CPU = Release|Any CPU
	EndGlobalSection
	GlobalSection(ProjectConfigurationPlatforms) = postSolution
		{62D9B88B-5E00-4207-89C0-6CFFA2AAAC23}.Debug|Any CPU.ActiveCfg = Debug|Any CPU
		{62D9B88B-5E00-4207-89C0-6CFFA2AAAC23}.Debug|Any CPU.Build.0 = Debug|Any CPU
		{62D9B88B-5E00-4207-89C0-6CFFA2AAAC23}.Release|Any CPU.ActiveCfg = Release|Any CPU
		{62D9B88B-5E00-4207-89C0-6CFFA2AAAC23}.Release|Any CPU.Build.0 = Release|Any CPU
		{2EF06A4B-5EFE-4A60-8A7B-2F99EB798705}.Debug|Any CPU.ActiveCfg = Debug|Any CPU
		{2EF06A4B-5EFE-4A60-8A7B-2F99EB798705}.Debug|Any CPU.Build.0 = Debug|Any CPU
		{2EF06A4B-5EFE-4A60-8A7B-2F99EB798705}.Release|Any CPU.ActiveCfg = Release|Any CPU
		{2EF06A4B-5EFE-4A60-8A7B-2F99EB798705}.Release|Any CPU.Build.0 = Release|Any CPU
		{A1010C43-2E91-420F-988A-E74D76FB01B6}.Debug|Any CPU.ActiveCfg = Debug|Any CPU
		{A1010C43-2E91-420F-988A-E74D76FB01B6}.Debug|Any CPU.Build.0 = Debug|Any CPU
		{A1010C43-2E91-420F-988A-E74D76FB01B6}.Release|Any CPU.ActiveCfg = Release|Any CPU
		{A1010C43-2E91-420F-988A-E74D76FB01B6}.Release|Any CPU.Build.0 = Release|Any CPU
	EndGlobalSection
	GlobalSection(SolutionProperties) = preSolution
		HideSolutionNode = FALSE
	EndGlobalSection
	GlobalSection(ExtensibilityGlobals) = postSolution
		SolutionGuid = {C8952055-2E8C-428C-8FFD-A827A3D520F4}
	EndGlobalSection
EndGlobal
